
Microsoft Visual Studio Solution File, Format Version 12.00
# Visual Studio Version 17
VisualStudioVersion = 17.12.35707.178
MinimumVisualStudioVersion = 10.0.40219.1
Project("{FAE04EC0-301F-11D3-BF4B-00C04F79EFBC}") = "Dcode.Caetering", "Dcode.Caetering\Dcode.Caetering.csproj", "{3F525045-78F3-41BE-81CE-003B24D2F6A6}"
EndProject
Project("{FAE04EC0-301F-11D3-BF4B-00C04F79EFBC}") = "Dcode.Caetering.Application", "Dcode.Caetering.Application\Dcode.Caetering.Application.csproj", "{542357B3-CDDB-4E8D-85D8-A4E520F41E3E}"
EndProject
Global
	GlobalSection(SolutionConfigurationPlatforms) = preSolution
		Debug|Any CPU = Debug|Any CPU
		Release|Any CPU = Release|Any CPU
	EndGlobalSection
	GlobalSection(ProjectConfigurationPlatforms) = postSolution
		{3F525045-78F3-41BE-81CE-003B24D2F6A6}.Debug|Any CPU.ActiveCfg = Debug|Any CPU
		{3F525045-78F3-41BE-81CE-003B24D2F6A6}.Debug|Any CPU.Build.0 = Debug|Any CPU
		{3F525045-78F3-41BE-81CE-003B24D2F6A6}.Release|Any CPU.ActiveCfg = Release|Any CPU
		{3F525045-78F3-41BE-81CE-003B24D2F6A6}.Release|Any CPU.Build.0 = Release|Any CPU
		{542357B3-CDDB-4E8D-85D8-A4E520F41E3E}.Debug|Any CPU.ActiveCfg = Debug|Any CPU
		{542357B3-CDDB-4E8D-85D8-A4E520F41E3E}.Debug|Any CPU.Build.0 = Debug|Any CPU
		{542357B3-CDDB-4E8D-85D8-A4E520F41E3E}.Release|Any CPU.ActiveCfg = Release|Any CPU
		{542357B3-CDDB-4E8D-85D8-A4E520F41E3E}.Release|Any CPU.Build.0 = Release|Any CPU
	EndGlobalSection
	GlobalSection(SolutionProperties) = preSolution
		HideSolutionNode = FALSE
	EndGlobalSection
EndGlobal
